
Microsoft Visual Studio Solution File, Format Version 12.00
# Visual Studio Version 17
VisualStudioVersion = 17.11.35222.181
MinimumVisualStudioVersion = 10.0.40219.1
Project("{2150E333-8FDC-42A3-9474-1A3956D46DE8}") = "Task0", "Task0", "{CE1FEC16-B806-48FB-8181-620F15429294}"
EndProject
Project("{9A19103F-16F7-4668-BE54-9A1E7A4F7556}") = "Tyuiu.KorolevES.Sprint0.Task0.V0", "Tyuiu.KorolevES.Sprint0.Task0.V0\Tyuiu.KorolevES.Sprint0.Task0.V0.csproj", "{15DCDAD4-6D7D-4626-94BE-4E255A7B5096}"
EndProject
Project("{2150E333-8FDC-42A3-9474-1A3956D46DE8}") = "Task1", "Task1", "{C3084F72-81A7-44A9-8966-BE8A025B98AA}"
EndProject
Project("{FAE04EC0-301F-11D3-BF4B-00C04F79EFBC}") = "Tyuiu.KorolevES.Sprint0.Task1.V0", "Tyuiu.KorolevES.Sprint0.Task1.V0\Tyuiu.KorolevES.Sprint0.Task1.V0.csproj", "{6F18E31A-44BF-4245-AEEF-4B86A3D89C93}"
EndProject
Project("{2150E333-8FDC-42A3-9474-1A3956D46DE8}") = "Task2", "Task2", "{1B417B62-116B-4CE7-BE6C-7C8292130C35}"
EndProject
Project("{FAE04EC0-301F-11D3-BF4B-00C04F79EFBC}") = "Tyuiu.KorolevES.Sprint0.Task2.V0", "Tyuiu.KorolevES.Sprint0.Task2.V0\Tyuiu.KorolevES.Sprint0.Task2.V0.csproj", "{FC989B82-45F2-45D3-8A57-39280392716F}"
EndProject
Project("{FAE04EC0-301F-11D3-BF4B-00C04F79EFBC}") = "Tyuiu.KorolevES.Sprint0.Task2.V0.Lib", "Tyuiu.KorolevES.Sprint0.Task2.V0.Lib\Tyuiu.KorolevES.Sprint0.Task2.V0.Lib.csproj", "{FCE035C3-574D-4D54-B0F4-200CB9EFBE13}"
EndProject
Project("{FAE04EC0-301F-11D3-BF4B-00C04F79EFBC}") = "Tyuiu.KorolevES.Sprint0.Task2.V0.Test", "Tyuiu.KorolevES.Sprint0.Task2.V0.Test\Tyuiu.KorolevES.Sprint0.Task2.V0.Test.csproj", "{14F6F655-92AF-4F5A-993D-595BC3E7E7A3}"
EndProject
Project("{2150E333-8FDC-42A3-9474-1A3956D46DE8}") = "Task3", "Task3", "{3CB89D79-D434-46EC-8790-23F19E98A7E2}"
EndProject
Project("{FAE04EC0-301F-11D3-BF4B-00C04F79EFBC}") = "Tyuiu.KorolevES.Sprint0.Task3.V0", "Tyuiu.KorolevES.Sprint0.Task3.V0\Tyuiu.KorolevES.Sprint0.Task3.V0.csproj", "{8190E506-F0EE-40C2-A00D-380CE86D8ED6}"
EndProject
Project("{FAE04EC0-301F-11D3-BF4B-00C04F79EFBC}") = "Tyuiu.KorolevES.Sprint0.Task3.V0.Lib", "Tyuiu.KorolevES.Sprint0.Task3.V0.Lib\Tyuiu.KorolevES.Sprint0.Task3.V0.Lib.csproj", "{F1044605-F482-49F9-B5D3-C21F65F91743}"
EndProject
Project("{FAE04EC0-301F-11D3-BF4B-00C04F79EFBC}") = "Tyuiu.KorolevES.Sprint0.Task3.V0.Test", "Tyuiu.KorolevES.Sprint0.Task3.V0.Test\Tyuiu.KorolevES.Sprint0.Task3.V0.Test.csproj", "{7C30B14A-1BA6-4C77-B85B-ADE8B24F63EF}"
EndProject
Project("{2150E333-8FDC-42A3-9474-1A3956D46DE8}") = "Task4", "Task4", "{934D87BD-3CE1-496B-A992-D6DA52CFED23}"
EndProject
Project("{FAE04EC0-301F-11D3-BF4B-00C04F79EFBC}") = "Tyuiu.KorolevES.Sprint0.Task4.V0", "Tyuiu.KorolevES.Sprint0.Task4.V0\Tyuiu.KorolevES.Sprint0.Task4.V0.csproj", "{A3F4442F-E538-4C3C-A64A-95E5423E0D37}"
EndProject
Project("{FAE04EC0-301F-11D3-BF4B-00C04F79EFBC}") = "Tyuiu.KorolevES.Sprint0.Task4.V0.Lib", "Tyuiu.KorolevES.Sprint0.Task4.V0.Lib\Tyuiu.KorolevES.Sprint0.Task4.V0.Lib.csproj", "{66CBE753-B4A0-4B3B-BC16-682F71DE29BA}"
EndProject
Project("{FAE04EC0-301F-11D3-BF4B-00C04F79EFBC}") = "Tyuiu.KorolevES.Sprint0.Task4.V0.Test", "Tyuiu.KorolevES.Sprint0.Task4.V0.Test\Tyuiu.KorolevES.Sprint0.Task4.V0.Test.csproj", "{24043224-C7A2-44B0-A908-1E61AC12CC9A}"
EndProject
Project("{2150E333-8FDC-42A3-9474-1A3956D46DE8}") = "Task5", "Task5", "{B0E100AE-F89D-482C-B4DA-F60E2B1A25D0}"
EndProject
Project("{FAE04EC0-301F-11D3-BF4B-00C04F79EFBC}") = "Tyuiu.KorolevES.Sprint0.Task5.V0", "Tyuiu.KorolevES.Sprint0.Task5.V0\Tyuiu.KorolevES.Sprint0.Task5.V0.csproj", "{155082C2-63AA-4DFC-8366-E9709C845EAE}"
EndProject
Project("{FAE04EC0-301F-11D3-BF4B-00C04F79EFBC}") = "Tyuiu.KorolevES.Sprint0.Task5.V0.Lib", "Tyuiu.KorolevES.Sprint0.Task5.V0.Lib\Tyuiu.KorolevES.Sprint0.Task5.V0.Lib.csproj", "{0A59E9BA-C71A-4124-818A-4878CA954DC9}"
EndProject
Project("{FAE04EC0-301F-11D3-BF4B-00C04F79EFBC}") = "Tyuiu.KorolevES.Sprint0.Task5.V0.Test", "Tyuiu.KorolevES.Sprint0.Task5.V0.Test\Tyuiu.KorolevES.Sprint0.Task5.V0.Test.csproj", "{EB7332FE-36D8-4520-ACC4-AEA5D53D9F41}"
EndProject
Project("{2150E333-8FDC-42A3-9474-1A3956D46DE8}") = "Task6", "Task6", "{22883699-5C21-4AAF-A89E-7997FA34406D}"
EndProject
Project("{FAE04EC0-301F-11D3-BF4B-00C04F79EFBC}") = "Tyuiu.KorolevES.Sprint0.Task6.V0", "Tyuiu.KorolevES.Sprint0.Task6.V0\Tyuiu.KorolevES.Sprint0.Task6.V0.csproj", "{01E5849B-4818-437F-A5C1-CA1C4FFC5E06}"
EndProject
Project("{FAE04EC0-301F-11D3-BF4B-00C04F79EFBC}") = "Tyuiu.KorolevES.Sprint0.Task6.V0.Lib", "Tyuiu.KorolevES.Sprint0.Task6.V0.Lib\Tyuiu.KorolevES.Sprint0.Task6.V0.Lib.csproj", "{545C443A-118B-439D-9692-F87D22365C0E}"
EndProject
Project("{FAE04EC0-301F-11D3-BF4B-00C04F79EFBC}") = "Tyuiu.KorolevES.Sprint0.Task6.V0.Test", "Tyuiu.KorolevES.Sprint0.Task6.V0.Test\Tyuiu.KorolevES.Sprint0.Task6.V0.Test.csproj", "{EA378799-9269-4778-B26D-8FD6E80A784E}"
EndProject
Global
	GlobalSection(SolutionConfigurationPlatforms) = preSolution
		Debug|Any CPU = Debug|Any CPU
		Release|Any CPU = Release|Any CPU
	EndGlobalSection
	GlobalSection(ProjectConfigurationPlatforms) = postSolution
		{15DCDAD4-6D7D-4626-94BE-4E255A7B5096}.Debug|Any CPU.ActiveCfg = Debug|Any CPU
		{15DCDAD4-6D7D-4626-94BE-4E255A7B5096}.Debug|Any CPU.Build.0 = Debug|Any CPU
		{15DCDAD4-6D7D-4626-94BE-4E255A7B5096}.Release|Any CPU.ActiveCfg = Release|Any CPU
		{15DCDAD4-6D7D-4626-94BE-4E255A7B5096}.Release|Any CPU.Build.0 = Release|Any CPU
		{6F18E31A-44BF-4245-AEEF-4B86A3D89C93}.Debug|Any CPU.ActiveCfg = Debug|Any CPU
		{6F18E31A-44BF-4245-AEEF-4B86A3D89C93}.Debug|Any CPU.Build.0 = Debug|Any CPU
		{6F18E31A-44BF-4245-AEEF-4B86A3D89C93}.Release|Any CPU.ActiveCfg = Release|Any CPU
		{6F18E31A-44BF-4245-AEEF-4B86A3D89C93}.Release|Any CPU.Build.0 = Release|Any CPU
		{FC989B82-45F2-45D3-8A57-39280392716F}.Debug|Any CPU.ActiveCfg = Debug|Any CPU
		{FC989B82-45F2-45D3-8A57-39280392716F}.Debug|Any CPU.Build.0 = Debug|Any CPU
		{FC989B82-45F2-45D3-8A57-39280392716F}.Release|Any CPU.ActiveCfg = Release|Any CPU
		{FC989B82-45F2-45D3-8A57-39280392716F}.Release|Any CPU.Build.0 = Release|Any CPU
		{FCE035C3-574D-4D54-B0F4-200CB9EFBE13}.Debug|Any CPU.ActiveCfg = Debug|Any CPU
		{FCE035C3-574D-4D54-B0F4-200CB9EFBE13}.Debug|Any CPU.Build.0 = Debug|Any CPU
		{FCE035C3-574D-4D54-B0F4-200CB9EFBE13}.Release|Any CPU.ActiveCfg = Release|Any CPU
		{FCE035C3-574D-4D54-B0F4-200CB9EFBE13}.Release|Any CPU.Build.0 = Release|Any CPU
		{14F6F655-92AF-4F5A-993D-595BC3E7E7A3}.Debug|Any CPU.ActiveCfg = Debug|Any CPU
		{14F6F655-92AF-4F5A-993D-595BC3E7E7A3}.Debug|Any CPU.Build.0 = Debug|Any CPU
		{14F6F655-92AF-4F5A-993D-595BC3E7E7A3}.Release|Any CPU.ActiveCfg = Release|Any CPU
		{14F6F655-92AF-4F5A-993D-595BC3E7E7A3}.Release|Any CPU.Build.0 = Release|Any CPU
		{8190E506-F0EE-40C2-A00D-380CE86D8ED6}.Debug|Any CPU.ActiveCfg = Debug|Any CPU
		{8190E506-F0EE-40C2-A00D-380CE86D8ED6}.Debug|Any CPU.Build.0 = Debug|Any CPU
		{8190E506-F0EE-40C2-A00D-380CE86D8ED6}.Release|Any CPU.ActiveCfg = Release|Any CPU
		{8190E506-F0EE-40C2-A00D-380CE86D8ED6}.Release|Any CPU.Build.0 = Release|Any CPU
		{F1044605-F482-49F9-B5D3-C21F65F91743}.Debug|Any CPU.ActiveCfg = Debug|Any CPU
		{F1044605-F482-49F9-B5D3-C21F65F91743}.Debug|Any CPU.Build.0 = Debug|Any CPU
		{F1044605-F482-49F9-B5D3-C21F65F91743}.Release|Any CPU.ActiveCfg = Release|Any CPU
		{F1044605-F482-49F9-B5D3-C21F65F91743}.Release|Any CPU.Build.0 = Release|Any CPU
		{7C30B14A-1BA6-4C77-B85B-ADE8B24F63EF}.Debug|Any CPU.ActiveCfg = Debug|Any CPU
		{7C30B14A-1BA6-4C77-B85B-ADE8B24F63EF}.Debug|Any CPU.Build.0 = Debug|Any CPU
		{7C30B14A-1BA6-4C77-B85B-ADE8B24F63EF}.Release|Any CPU.ActiveCfg = Release|Any CPU
		{7C30B14A-1BA6-4C77-B85B-ADE8B24F63EF}.Release|Any CPU.Build.0 = Release|Any CPU
		{A3F4442F-E538-4C3C-A64A-95E5423E0D37}.Debug|Any CPU.ActiveCfg = Debug|Any CPU
		{A3F4442F-E538-4C3C-A64A-95E5423E0D37}.Debug|Any CPU.Build.0 = Debug|Any CPU
		{A3F4442F-E538-4C3C-A64A-95E5423E0D37}.Release|Any CPU.ActiveCfg = Release|Any CPU
		{A3F4442F-E538-4C3C-A64A-95E5423E0D37}.Release|Any CPU.Build.0 = Release|Any CPU
		{66CBE753-B4A0-4B3B-BC16-682F71DE29BA}.Debug|Any CPU.ActiveCfg = Debug|Any CPU
		{66CBE753-B4A0-4B3B-BC16-682F71DE29BA}.Debug|Any CPU.Build.0 = Debug|Any CPU
		{66CBE753-B4A0-4B3B-BC16-682F71DE29BA}.Release|Any CPU.ActiveCfg = Release|Any CPU
		{66CBE753-B4A0-4B3B-BC16-682F71DE29BA}.Release|Any CPU.Build.0 = Release|Any CPU
		{24043224-C7A2-44B0-A908-1E61AC12CC9A}.Debug|Any CPU.ActiveCfg = Debug|Any CPU
		{24043224-C7A2-44B0-A908-1E61AC12CC9A}.Debug|Any CPU.Build.0 = Debug|Any CPU
		{24043224-C7A2-44B0-A908-1E61AC12CC9A}.Release|Any CPU.ActiveCfg = Release|Any CPU
		{24043224-C7A2-44B0-A908-1E61AC12CC9A}.Release|Any CPU.Build.0 = Release|Any CPU
		{155082C2-63AA-4DFC-8366-E9709C845EAE}.Debug|Any CPU.ActiveCfg = Debug|Any CPU
		{155082C2-63AA-4DFC-8366-E9709C845EAE}.Debug|Any CPU.Build.0 = Debug|Any CPU
		{155082C2-63AA-4DFC-8366-E9709C845EAE}.Release|Any CPU.ActiveCfg = Release|Any CPU
		{155082C2-63AA-4DFC-8366-E9709C845EAE}.Release|Any CPU.Build.0 = Release|Any CPU
		{0A59E9BA-C71A-4124-818A-4878CA954DC9}.Debug|Any CPU.ActiveCfg = Debug|Any CPU
		{0A59E9BA-C71A-4124-818A-4878CA954DC9}.Debug|Any CPU.Build.0 = Debug|Any CPU
		{0A59E9BA-C71A-4124-818A-4878CA954DC9}.Release|Any CPU.ActiveCfg = Release|Any CPU
		{0A59E9BA-C71A-4124-818A-4878CA954DC9}.Release|Any CPU.Build.0 = Release|Any CPU
		{EB7332FE-36D8-4520-ACC4-AEA5D53D9F41}.Debug|Any CPU.ActiveCfg = Debug|Any CPU
		{EB7332FE-36D8-4520-ACC4-AEA5D53D9F41}.Debug|Any CPU.Build.0 = Debug|Any CPU
		{EB7332FE-36D8-4520-ACC4-AEA5D53D9F41}.Release|Any CPU.ActiveCfg = Release|Any CPU
		{EB7332FE-36D8-4520-ACC4-AEA5D53D9F41}.Release|Any CPU.Build.0 = Release|Any CPU
		{01E5849B-4818-437F-A5C1-CA1C4FFC5E06}.Debug|Any CPU.ActiveCfg = Debug|Any CPU
		{01E5849B-4818-437F-A5C1-CA1C4FFC5E06}.Debug|Any CPU.Build.0 = Debug|Any CPU
		{01E5849B-4818-437F-A5C1-CA1C4FFC5E06}.Release|Any CPU.ActiveCfg = Release|Any CPU
		{01E5849B-4818-437F-A5C1-CA1C4FFC5E06}.Release|Any CPU.Build.0 = Release|Any CPU
		{545C443A-118B-439D-9692-F87D22365C0E}.Debug|Any CPU.ActiveCfg = Debug|Any CPU
		{545C443A-118B-439D-9692-F87D22365C0E}.Debug|Any CPU.Build.0 = Debug|Any CPU
		{545C443A-118B-439D-9692-F87D22365C0E}.Release|Any CPU.ActiveCfg = Release|Any CPU
		{545C443A-118B-439D-9692-F87D22365C0E}.Release|Any CPU.Build.0 = Release|Any CPU
		{EA378799-9269-4778-B26D-8FD6E80A784E}.Debug|Any CPU.ActiveCfg = Debug|Any CPU
		{EA378799-9269-4778-B26D-8FD6E80A784E}.Debug|Any CPU.Build.0 = Debug|Any CPU
		{EA378799-9269-4778-B26D-8FD6E80A784E}.Release|Any CPU.ActiveCfg = Release|Any CPU
		{EA378799-9269-4778-B26D-8FD6E80A784E}.Release|Any CPU.Build.0 = Release|Any CPU
	EndGlobalSection
	GlobalSection(SolutionProperties) = preSolution
		HideSolutionNode = FALSE
	EndGlobalSection
	GlobalSection(NestedProjects) = preSolution
		{15DCDAD4-6D7D-4626-94BE-4E255A7B5096} = {CE1FEC16-B806-48FB-8181-620F15429294}
		{6F18E31A-44BF-4245-AEEF-4B86A3D89C93} = {C3084F72-81A7-44A9-8966-BE8A025B98AA}
		{FC989B82-45F2-45D3-8A57-39280392716F} = {1B417B62-116B-4CE7-BE6C-7C8292130C35}
		{FCE035C3-574D-4D54-B0F4-200CB9EFBE13} = {1B417B62-116B-4CE7-BE6C-7C8292130C35}
		{14F6F655-92AF-4F5A-993D-595BC3E7E7A3} = {1B417B62-116B-4CE7-BE6C-7C8292130C35}
		{8190E506-F0EE-40C2-A00D-380CE86D8ED6} = {3CB89D79-D434-46EC-8790-23F19E98A7E2}
		{F1044605-F482-49F9-B5D3-C21F65F91743} = {3CB89D79-D434-46EC-8790-23F19E98A7E2}
		{7C30B14A-1BA6-4C77-B85B-ADE8B24F63EF} = {3CB89D79-D434-46EC-8790-23F19E98A7E2}
		{A3F4442F-E538-4C3C-A64A-95E5423E0D37} = {934D87BD-3CE1-496B-A992-D6DA52CFED23}
		{66CBE753-B4A0-4B3B-BC16-682F71DE29BA} = {934D87BD-3CE1-496B-A992-D6DA52CFED23}
		{24043224-C7A2-44B0-A908-1E61AC12CC9A} = {934D87BD-3CE1-496B-A992-D6DA52CFED23}
		{155082C2-63AA-4DFC-8366-E9709C845EAE} = {B0E100AE-F89D-482C-B4DA-F60E2B1A25D0}
		{0A59E9BA-C71A-4124-818A-4878CA954DC9} = {B0E100AE-F89D-482C-B4DA-F60E2B1A25D0}
		{EB7332FE-36D8-4520-ACC4-AEA5D53D9F41} = {B0E100AE-F89D-482C-B4DA-F60E2B1A25D0}
		{01E5849B-4818-437F-A5C1-CA1C4FFC5E06} = {22883699-5C21-4AAF-A89E-7997FA34406D}
		{545C443A-118B-439D-9692-F87D22365C0E} = {22883699-5C21-4AAF-A89E-7997FA34406D}
		{EA378799-9269-4778-B26D-8FD6E80A784E} = {22883699-5C21-4AAF-A89E-7997FA34406D}
	EndGlobalSection
	GlobalSection(ExtensibilityGlobals) = postSolution
		SolutionGuid = {937D53E4-FD8F-43ED-9B9A-440971795AC9}
	EndGlobalSection
EndGlobal
